
Microsoft Visual Studio Solution File, Format Version 12.00
# Visual Studio Version 16
VisualStudioVersion = 16.0.30907.101
MinimumVisualStudioVersion = 10.0.40219.1
Project("{FAE04EC0-301F-11D3-BF4B-00C04F79EFBC}") = "API", "API.TaxaJuros\API.csproj", "{B3823058-D416-4964-8039-A093B558DCBA}"
EndProject
Project("{FAE04EC0-301F-11D3-BF4B-00C04F79EFBC}") = "API.Testes", "API.Testes\API.Testes.csproj", "{EA253E15-C9E7-4819-85CB-BAB5395C05AB}"
EndProject
Global
	GlobalSection(SolutionConfigurationPlatforms) = preSolution
		Debug|Any CPU = Debug|Any CPU
		Release|Any CPU = Release|Any CPU
	EndGlobalSection
	GlobalSection(ProjectConfigurationPlatforms) = postSolution
		{B3823058-D416-4964-8039-A093B558DCBA}.Debug|Any CPU.ActiveCfg = Debug|Any CPU
		{B3823058-D416-4964-8039-A093B558DCBA}.Debug|Any CPU.Build.0 = Debug|Any CPU
		{B3823058-D416-4964-8039-A093B558DCBA}.Release|Any CPU.ActiveCfg = Release|Any CPU
		{B3823058-D416-4964-8039-A093B558DCBA}.Release|Any CPU.Build.0 = Release|Any CPU
		{EA253E15-C9E7-4819-85CB-BAB5395C05AB}.Debug|Any CPU.ActiveCfg = Debug|Any CPU
		{EA253E15-C9E7-4819-85CB-BAB5395C05AB}.Debug|Any CPU.Build.0 = Debug|Any CPU
		{EA253E15-C9E7-4819-85CB-BAB5395C05AB}.Release|Any CPU.ActiveCfg = Release|Any CPU
		{EA253E15-C9E7-4819-85CB-BAB5395C05AB}.Release|Any CPU.Build.0 = Release|Any CPU
	EndGlobalSection
	GlobalSection(SolutionProperties) = preSolution
		HideSolutionNode = FALSE
	EndGlobalSection
	GlobalSection(ExtensibilityGlobals) = postSolution
		SolutionGuid = {21F2D5B9-8D44-4C78-AF75-3C1307BC52E1}
	EndGlobalSection
EndGlobal
